// !$*UTF8*$!
{
	archiveVersion = 1;
	classes = {
	};
	objectVersion = 77;
	objects = {

/* Begin PBXContainerItemProxy section */
		A025136C2D4881B300EE0993 /* PBXContainerItemProxy */ = {
			isa = PBXContainerItemProxy;
			containerPortal = A025134D2D4881B200EE0993 /* Project object */;
			proxyType = 1;
			remoteGlobalIDString = A02513542D4881B200EE0993;
			remoteInfo = PopupsUI;
		};
		A02513762D4881B300EE0993 /* PBXContainerItemProxy */ = {
			isa = PBXContainerItemProxy;
			containerPortal = A025134D2D4881B200EE0993 /* Project object */;
			proxyType = 1;
			remoteGlobalIDString = A02513542D4881B200EE0993;
			remoteInfo = PopupsUI;
		};
/* End PBXContainerItemProxy section */

/* Begin PBXFileReference section */
		A02513552D4881B200EE0993 /* PopupsUI.app */ = {isa = PBXFileReference; explicitFileType = wrapper.application; includeInIndex = 0; path = PopupsUI.app; sourceTree = BUILT_PRODUCTS_DIR; };
		A025136B2D4881B300EE0993 /* PopupsUITests.xctest */ = {isa = PBXFileReference; explicitFileType = wrapper.cfbundle; includeInIndex = 0; path = PopupsUITests.xctest; sourceTree = BUILT_PRODUCTS_DIR; };
		A02513752D4881B300EE0993 /* PopupsUIUITests.xctest */ = {isa = PBXFileReference; explicitFileType = wrapper.cfbundle; includeInIndex = 0; path = PopupsUIUITests.xctest; sourceTree = BUILT_PRODUCTS_DIR; };
/* End PBXFileReference section */

/* Begin PBXFileSystemSynchronizedBuildFileExceptionSet section */
		A025137D2D4881B300EE0993 /* Exceptions for "PopupsUI" folder in "PopupsUI" target */ = {
			isa = PBXFileSystemSynchronizedBuildFileExceptionSet;
			membershipExceptions = (
				Info.plist,
			);
			target = A02513542D4881B200EE0993 /* PopupsUI */;
		};
/* End PBXFileSystemSynchronizedBuildFileExceptionSet section */

/* Begin PBXFileSystemSynchronizedRootGroup section */
		A02513572D4881B200EE0993 /* PopupsUI */ = {
			isa = PBXFileSystemSynchronizedRootGroup;
			exceptions = (
				A025137D2D4881B300EE0993 /* Exceptions for "PopupsUI" folder in "PopupsUI" target */,
			);
			path = PopupsUI;
			sourceTree = "<group>";
		};
		A025136E2D4881B300EE0993 /* PopupsUITests */ = {
			isa = PBXFileSystemSynchronizedRootGroup;
			path = PopupsUITests;
			sourceTree = "<group>";
		};
		A02513782D4881B300EE0993 /* PopupsUIUITests */ = {
			isa = PBXFileSystemSynchronizedRootGroup;
			path = PopupsUIUITests;
			sourceTree = "<group>";
		};
/* End PBXFileSystemSynchronizedRootGroup section */

/* Begin PBXFrameworksBuildPhase section */
		A02513522D4881B200EE0993 /* Frameworks */ = {
			isa = PBXFrameworksBuildPhase;
			buildActionMask = 2147483647;
			files = (
			);
			runOnlyForDeploymentPostprocessing = 0;
		};
		A02513682D4881B300EE0993 /* Frameworks */ = {
			isa = PBXFrameworksBuildPhase;
			buildActionMask = 2147483647;
			files = (
			);
			runOnlyForDeploymentPostprocessing = 0;
		};
		A02513722D4881B300EE0993 /* Frameworks */ = {
			isa = PBXFrameworksBuildPhase;
			buildActionMask = 2147483647;
			files = (
			);
			runOnlyForDeploymentPostprocessing = 0;
		};
/* End PBXFrameworksBuildPhase section */

/* Begin PBXGroup section */
		A025134C2D4881B200EE0993 = {
			isa = PBXGroup;
			children = (
				A02513572D4881B200EE0993 /* PopupsUI */,
				A025136E2D4881B300EE0993 /* PopupsUITests */,
				A02513782D4881B300EE0993 /* PopupsUIUITests */,
				A02513562D4881B200EE0993 /* Products */,
			);
			sourceTree = "<group>";
		};
		A02513562D4881B200EE0993 /* Products */ = {
			isa = PBXGroup;
			children = (
				A02513552D4881B200EE0993 /* PopupsUI.app */,
				A025136B2D4881B300EE0993 /* PopupsUITests.xctest */,
				A02513752D4881B300EE0993 /* PopupsUIUITests.xctest */,
			);
			name = Products;
			sourceTree = "<group>";
		};
/* End PBXGroup section */

/* Begin PBXNativeTarget section */
		A02513542D4881B200EE0993 /* PopupsUI */ = {
			isa = PBXNativeTarget;
			buildConfigurationList = A025137E2D4881B300EE0993 /* Build configuration list for PBXNativeTarget "PopupsUI" */;
			buildPhases = (
				A02513512D4881B200EE0993 /* Sources */,
				A02513522D4881B200EE0993 /* Frameworks */,
				A02513532D4881B200EE0993 /* Resources */,
			);
			buildRules = (
			);
			dependencies = (
			);
			fileSystemSynchronizedGroups = (
				A02513572D4881B200EE0993 /* PopupsUI */,
			);
			name = PopupsUI;
			packageProductDependencies = (
			);
			productName = PopupsUI;
			productReference = A02513552D4881B200EE0993 /* PopupsUI.app */;
			productType = "com.apple.product-type.application";
		};
		A025136A2D4881B300EE0993 /* PopupsUITests */ = {
			isa = PBXNativeTarget;
			buildConfigurationList = A02513832D4881B300EE0993 /* Build configuration list for PBXNativeTarget "PopupsUITests" */;
			buildPhases = (
				A02513672D4881B300EE0993 /* Sources */,
				A02513682D4881B300EE0993 /* Frameworks */,
				A02513692D4881B300EE0993 /* Resources */,
			);
			buildRules = (
			);
			dependencies = (
				A025136D2D4881B300EE0993 /* PBXTargetDependency */,
			);
			fileSystemSynchronizedGroups = (
				A025136E2D4881B300EE0993 /* PopupsUITests */,
			);
			name = PopupsUITests;
			packageProductDependencies = (
			);
			productName = PopupsUITests;
			productReference = A025136B2D4881B300EE0993 /* PopupsUITests.xctest */;
			productType = "com.apple.product-type.bundle.unit-test";
		};
		A02513742D4881B300EE0993 /* PopupsUIUITests */ = {
			isa = PBXNativeTarget;
			buildConfigurationList = A02513862D4881B300EE0993 /* Build configuration list for PBXNativeTarget "PopupsUIUITests" */;
			buildPhases = (
				A02513712D4881B300EE0993 /* Sources */,
				A02513722D4881B300EE0993 /* Frameworks */,
				A02513732D4881B300EE0993 /* Resources */,
			);
			buildRules = (
			);
			dependencies = (
				A02513772D4881B300EE0993 /* PBXTargetDependency */,
			);
			fileSystemSynchronizedGroups = (
				A02513782D4881B300EE0993 /* PopupsUIUITests */,
			);
			name = PopupsUIUITests;
			packageProductDependencies = (
			);
			productName = PopupsUIUITests;
			productReference = A02513752D4881B300EE0993 /* PopupsUIUITests.xctest */;
			productType = "com.apple.product-type.bundle.ui-testing";
		};
/* End PBXNativeTarget section */

/* Begin PBXProject section */
		A025134D2D4881B200EE0993 /* Project object */ = {
			isa = PBXProject;
			attributes = {
				BuildIndependentTargetsInParallel = 1;
				LastSwiftUpdateCheck = 1620;
				LastUpgradeCheck = 1620;
				TargetAttributes = {
					A02513542D4881B200EE0993 = {
						CreatedOnToolsVersion = 16.2;
					};
					A025136A2D4881B300EE0993 = {
						CreatedOnToolsVersion = 16.2;
						TestTargetID = A02513542D4881B200EE0993;
					};
					A02513742D4881B300EE0993 = {
						CreatedOnToolsVersion = 16.2;
						TestTargetID = A02513542D4881B200EE0993;
					};
				};
			};
			buildConfigurationList = A02513502D4881B200EE0993 /* Build configuration list for PBXProject "PopupsUI" */;
			developmentRegion = en;
			hasScannedForEncodings = 0;
			knownRegions = (
				en,
				Base,
			);
			mainGroup = A025134C2D4881B200EE0993;
			minimizedProjectReferenceProxies = 1;
			preferredProjectObjectVersion = 77;
			productRefGroup = A02513562D4881B200EE0993 /* Products */;
			projectDirPath = "";
			projectRoot = "";
			targets = (
				A02513542D4881B200EE0993 /* PopupsUI */,
				A025136A2D4881B300EE0993 /* PopupsUITests */,
				A02513742D4881B300EE0993 /* PopupsUIUITests */,
			);
		};
/* End PBXProject section */

/* Begin PBXResourcesBuildPhase section */
		A02513532D4881B200EE0993 /* Resources */ = {
			isa = PBXResourcesBuildPhase;
			buildActionMask = 2147483647;
			files = (
			);
			runOnlyForDeploymentPostprocessing = 0;
		};
		A02513692D4881B300EE0993 /* Resources */ = {
			isa = PBXResourcesBuildPhase;
			buildActionMask = 2147483647;
			files = (
			);
			runOnlyForDeploymentPostprocessing = 0;
		};
		A02513732D4881B300EE0993 /* Resources */ = {
			isa = PBXResourcesBuildPhase;
			buildActionMask = 2147483647;
			files = (
			);
			runOnlyForDeploymentPostprocessing = 0;
		};
/* End PBXResourcesBuildPhase section */

/* Begin PBXSourcesBuildPhase section */
		A02513512D4881B200EE0993 /* Sources */ = {
			isa = PBXSourcesBuildPhase;
			buildActionMask = 2147483647;
			files = (
			);
			runOnlyForDeploymentPostprocessing = 0;
		};
		A02513672D4881B300EE0993 /* Sources */ = {
			isa = PBXSourcesBuildPhase;
			buildActionMask = 2147483647;
			files = (
			);
			runOnlyForDeploymentPostprocessing = 0;
		};
		A02513712D4881B300EE0993 /* Sources */ = {
			isa = PBXSourcesBuildPhase;
			buildActionMask = 2147483647;
			files = (
			);
			runOnlyForDeploymentPostprocessing = 0;
		};
/* End PBXSourcesBuildPhase section */

/* Begin PBXTargetDependency section */
		A025136D2D4881B300EE0993 /* PBXTargetDependency */ = {
			isa = PBXTargetDependency;
			target = A02513542D4881B200EE0993 /* PopupsUI */;
			targetProxy = A025136C2D4881B300EE0993 /* PBXContainerItemProxy */;
		};
		A02513772D4881B300EE0993 /* PBXTargetDependency */ = {
			isa = PBXTargetDependency;
			target = A02513542D4881B200EE0993 /* PopupsUI */;
			targetProxy = A02513762D4881B300EE0993 /* PBXContainerItemProxy */;
		};
/* End PBXTargetDependency section */

/* Begin XCBuildConfiguration section */
		A025137F2D4881B300EE0993 /* Debug */ = {
			isa = XCBuildConfiguration;
			buildSettings = {
				ASSETCATALOG_COMPILER_APPICON_NAME = AppIcon;
				ASSETCATALOG_COMPILER_GLOBAL_ACCENT_COLOR_NAME = AccentColor;
				CODE_SIGN_STYLE = Automatic;
				CURRENT_PROJECT_VERSION = 1;
				DEVELOPMENT_TEAM = Y9SZ2V87PB;
				GENERATE_INFOPLIST_FILE = YES;
				INFOPLIST_FILE = PopupsUI/Info.plist;
				INFOPLIST_KEY_UIApplicationSupportsIndirectInputEvents = YES;
				INFOPLIST_KEY_UILaunchStoryboardName = LaunchScreen;
				INFOPLIST_KEY_UIMainStoryboardFile = Main;
				INFOPLIST_KEY_UISupportedInterfaceOrientations_iPad = "UIInterfaceOrientationPortrait UIInterfaceOrientationPortraitUpsideDown UIInterfaceOrientationLandscapeLeft UIInterfaceOrientationLandscapeRight";
				INFOPLIST_KEY_UISupportedInterfaceOrientations_iPhone = "UIInterfaceOrientationPortrait UIInterfaceOrientationLandscapeLeft UIInterfaceOrientationLandscapeRight";
				LD_RUNPATH_SEARCH_PATHS = (
					"$(inherited)",
					"@executable_path/Frameworks",
				);
				MARKETING_VERSION = 1.0;
				PRODUCT_BUNDLE_IDENTIFIER = com.gladding.PopupsUI;
				PRODUCT_NAME = "$(TARGET_NAME)";
				SWIFT_EMIT_LOC_STRINGS = YES;
				SWIFT_VERSION = 5.0;
				TARGETED_DEVICE_FAMILY = "1,2";
			};
			name = Debug;
		};
		A02513802D4881B300EE0993 /* Release */ = {
			isa = XCBuildConfiguration;
			buildSettings = {
				ASSETCATALOG_COMPILER_APPICON_NAME = AppIcon;
				ASSETCATALOG_COMPILER_GLOBAL_ACCENT_COLOR_NAME = AccentColor;
				CODE_SIGN_STYLE = Automatic;
				CURRENT_PROJECT_VERSION = 1;
				DEVELOPMENT_TEAM = Y9SZ2V87PB;
				GENERATE_INFOPLIST_FILE = YES;
				INFOPLIST_FILE = PopupsUI/Info.plist;
				INFOPLIST_KEY_UIApplicationSupportsIndirectInputEvents = YES;
				INFOPLIST_KEY_UILaunchStoryboardName = LaunchScreen;
				INFOPLIST_KEY_UIMainStoryboardFile = Main;
				INFOPLIST_KEY_UISupportedInterfaceOrientations_iPad = "UIInterfaceOrientationPortrait UIInterfaceOrientationPortraitUpsideDown UIInterfaceOrientationLandscapeLeft UIInterfaceOrientationLandscapeRight";
				INFOPLIST_KEY_UISupportedInterfaceOrientations_iPhone = "UIInterfaceOrientationPortrait UIInterfaceOrientationLandscapeLeft UIInterfaceOrientationLandscapeRight";
				LD_RUNPATH_SEARCH_PATHS = (
					"$(inherited)",
					"@executable_path/Frameworks",
				);
				MARKETING_VERSION = 1.0;
				PRODUCT_BUNDLE_IDENTIFIER = com.gladding.PopupsUI;
				PRODUCT_NAME = "$(TARGET_NAME)";
				SWIFT_EMIT_LOC_STRINGS = YES;
				SWIFT_VERSION = 5.0;
				TARGETED_DEVICE_FAMILY = "1,2";
			};
			name = Release;
		};
		A02513812D4881B300EE0993 /* Debug */ = {
			isa = XCBuildConfiguration;
			buildSettings = {
				ALWAYS_SEARCH_USER_PATHS = NO;
				ASSETCATALOG_COMPILER_GENERATE_SWIFT_ASSET_SYMBOL_EXTENSIONS = YES;
				CLANG_ANALYZER_NONNULL = YES;
				CLANG_ANALYZER_NUMBER_OBJECT_CONVERSION = YES_AGGRESSIVE;
				CLANG_CXX_LANGUAGE_STANDARD = "gnu++20";
				CLANG_ENABLE_MODULES = YES;
				CLANG_ENABLE_OBJC_ARC = YES;
				CLANG_ENABLE_OBJC_WEAK = YES;
				CLANG_WARN_BLOCK_CAPTURE_AUTORELEASING = YES;
				CLANG_WARN_BOOL_CONVERSION = YES;
				CLANG_WARN_COMMA = YES;
				CLANG_WARN_CONSTANT_CONVERSION = YES;
				CLANG_WARN_DEPRECATED_OBJC_IMPLEMENTATIONS = YES;
				CLANG_WARN_DIRECT_OBJC_ISA_USAGE = YES_ERROR;
				CLANG_WARN_DOCUMENTATION_COMMENTS = YES;
				CLANG_WARN_EMPTY_BODY = YES;
				CLANG_WARN_ENUM_CONVERSION = YES;
				CLANG_WARN_INFINITE_RECURSION = YES;
				CLANG_WARN_INT_CONVERSION = YES;
				CLANG_WARN_NON_LITERAL_NULL_CONVERSION = YES;
				CLANG_WARN_OBJC_IMPLICIT_RETAIN_SELF = YES;
				CLANG_WARN_OBJC_LITERAL_CONVERSION = YES;
				CLANG_WARN_OBJC_ROOT_CLASS = YES_ERROR;
				CLANG_WARN_QUOTED_INCLUDE_IN_FRAMEWORK_HEADER = YES;
				CLANG_WARN_RANGE_LOOP_ANALYSIS = YES;
				CLANG_WARN_STRICT_PROTOTYPES = YES;
				CLANG_WARN_SUSPICIOUS_MOVE = YES;
				CLANG_WARN_UNGUARDED_AVAILABILITY = YES_AGGRESSIVE;
				CLANG_WARN_UNREACHABLE_CODE = YES;
				CLANG_WARN__DUPLICATE_METHOD_MATCH = YES;
				COPY_PHASE_STRIP = NO;
				DEBUG_INFORMATION_FORMAT = dwarf;
				ENABLE_STRICT_OBJC_MSGSEND = YES;
				ENABLE_TESTABILITY = YES;
				ENABLE_USER_SCRIPT_SANDBOXING = YES;
				GCC_C_LANGUAGE_STANDARD = gnu17;
				GCC_DYNAMIC_NO_PIC = NO;
				GCC_NO_COMMON_BLOCKS = YES;
				GCC_OPTIMIZATION_LEVEL = 0;
				GCC_PREPROCESSOR_DEFINITIONS = (
					"DEBUG=1",
					"$(inherited)",
				);
				GCC_WARN_64_TO_32_BIT_CONVERSION = YES;
				GCC_WARN_ABOUT_RETURN_TYPE = YES_ERROR;
				GCC_WARN_UNDECLARED_SELECTOR = YES;
				GCC_WARN_UNINITIALIZED_AUTOS = YES_AGGRESSIVE;
				GCC_WARN_UNUSED_FUNCTION = YES;
				GCC_WARN_UNUSED_VARIABLE = YES;
				IPHONEOS_DEPLOYMENT_TARGET = 18.2;
				LOCALIZATION_PREFERS_STRING_CATALOGS = YES;
				MTL_ENABLE_DEBUG_INFO = INCLUDE_SOURCE;
				MTL_FAST_MATH = YES;
				ONLY_ACTIVE_ARCH = YES;
				SDKROOT = iphoneos;
				SWIFT_ACTIVE_COMPILATION_CONDITIONS = "DEBUG $(inherited)";
				SWIFT_OPTIMIZATION_LEVEL = "-Onone";
			};
			name = Debug;
		};
		A02513822D4881B300EE0993 /* Release */ = {
			isa = XCBuildConfiguration;
			buildSettings = {
				ALWAYS_SEARCH_USER_PATHS = NO;
				ASSETCATALOG_COMPILER_GENERATE_SWIFT_ASSET_SYMBOL_EXTENSIONS = YES;
				CLANG_ANALYZER_NONNULL = YES;
				CLANG_ANALYZER_NUMBER_OBJECT_CONVERSION = YES_AGGRESSIVE;
				CLANG_CXX_LANGUAGE_STANDARD = "gnu++20";
				CLANG_ENABLE_MODULES = YES;
				CLANG_ENABLE_OBJC_ARC = YES;
				CLANG_ENABLE_OBJC_WEAK = YES;
				CLANG_WARN_BLOCK_CAPTURE_AUTORELEASING = YES;
				CLANG_WARN_BOOL_CONVERSION = YES;
				CLANG_WARN_COMMA = YES;
				CLANG_WARN_CONSTANT_CONVERSION = YES;
				CLANG_WARN_DEPRECATED_OBJC_IMPLEMENTATIONS = YES;
				CLANG_WARN_DIRECT_OBJC_ISA_USAGE = YES_ERROR;
				CLANG_WARN_DOCUMENTATION_COMMENTS = YES;
				CLANG_WARN_EMPTY_BODY = YES;
				CLANG_WARN_ENUM_CONVERSION = YES;
				CLANG_WARN_INFINITE_RECURSION = YES;
				CLANG_WARN_INT_CONVERSION = YES;
				CLANG_WARN_NON_LITERAL_NULL_CONVERSION = YES;
				CLANG_WARN_OBJC_IMPLICIT_RETAIN_SELF = YES;
				CLANG_WARN_OBJC_LITERAL_CONVERSION = YES;
				CLANG_WARN_OBJC_ROOT_CLASS = YES_ERROR;
				CLANG_WARN_QUOTED_INCLUDE_IN_FRAMEWORK_HEADER = YES;
				CLANG_WARN_RANGE_LOOP_ANALYSIS = YES;
				CLANG_WARN_STRICT_PROTOTYPES = YES;
				CLANG_WARN_SUSPICIOUS_MOVE = YES;
				CLANG_WARN_UNGUARDED_AVAILABILITY = YES_AGGRESSIVE;
				CLANG_WARN_UNREACHABLE_CODE = YES;
				CLANG_WARN__DUPLICATE_METHOD_MATCH = YES;
				COPY_PHASE_STRIP = NO;
				DEBUG_INFORMATION_FORMAT = "dwarf-with-dsym";
				ENABLE_NS_ASSERTIONS = NO;
				ENABLE_STRICT_OBJC_MSGSEND = YES;
				ENABLE_USER_SCRIPT_SANDBOXING = YES;
				GCC_C_LANGUAGE_STANDARD = gnu17;
				GCC_NO_COMMON_BLOCKS = YES;
				GCC_WARN_64_TO_32_BIT_CONVERSION = YES;
				GCC_WARN_ABOUT_RETURN_TYPE = YES_ERROR;
				GCC_WARN_UNDECLARED_SELECTOR = YES;
				GCC_WARN_UNINITIALIZED_AUTOS = YES_AGGRESSIVE;
				GCC_WARN_UNUSED_FUNCTION = YES;
				GCC_WARN_UNUSED_VARIABLE = YES;
				IPHONEOS_DEPLOYMENT_TARGET = 18.2;
				LOCALIZATION_PREFERS_STRING_CATALOGS = YES;
				MTL_ENABLE_DEBUG_INFO = NO;
				MTL_FAST_MATH = YES;
				SDKROOT = iphoneos;
				SWIFT_COMPILATION_MODE = wholemodule;
				VALIDATE_PRODUCT = YES;
			};
			name = Release;
		};
		A02513842D4881B300EE0993 /* Debug */ = {
			isa = XCBuildConfiguration;
			buildSettings = {
				BUNDLE_LOADER = "$(TEST_HOST)";
				CODE_SIGN_STYLE = Automatic;
				CURRENT_PROJECT_VERSION = 1;
				DEVELOPMENT_TEAM = Y9SZ2V87PB;
				GENERATE_INFOPLIST_FILE = YES;
				IPHONEOS_DEPLOYMENT_TARGET = 18.2;
				MARKETING_VERSION = 1.0;
				PRODUCT_BUNDLE_IDENTIFIER = com.gladding.PopupsUITests;
				PRODUCT_NAME = "$(TARGET_NAME)";
				SWIFT_EMIT_LOC_STRINGS = NO;
				SWIFT_VERSION = 5.0;
				TARGETED_DEVICE_FAMILY = "1,2";
				TEST_HOST = "$(BUILT_PRODUCTS_DIR)/PopupsUI.app/$(BUNDLE_EXECUTABLE_FOLDER_PATH)/PopupsUI";
			};
			name = Debug;
		};
		A02513852D4881B300EE0993 /* Release */ = {
			isa = XCBuildConfiguration;
			buildSettings = {
				BUNDLE_LOADER = "$(TEST_HOST)";
				CODE_SIGN_STYLE = Automatic;
				CURRENT_PROJECT_VERSION = 1;
				DEVELOPMENT_TEAM = Y9SZ2V87PB;
				GENERATE_INFOPLIST_FILE = YES;
				IPHONEOS_DEPLOYMENT_TARGET = 18.2;
				MARKETING_VERSION = 1.0;
				PRODUCT_BUNDLE_IDENTIFIER = com.gladding.PopupsUITests;
				PRODUCT_NAME = "$(TARGET_NAME)";
				SWIFT_EMIT_LOC_STRINGS = NO;
				SWIFT_VERSION = 5.0;
				TARGETED_DEVICE_FAMILY = "1,2";
				TEST_HOST = "$(BUILT_PRODUCTS_DIR)/PopupsUI.app/$(BUNDLE_EXECUTABLE_FOLDER_PATH)/PopupsUI";
			};
			name = Release;
		};
		A02513872D4881B300EE0993 /* Debug */ = {
			isa = XCBuildConfiguration;
			buildSettings = {
				CODE_SIGN_STYLE = Automatic;
				CURRENT_PROJECT_VERSION = 1;
				DEVELOPMENT_TEAM = Y9SZ2V87PB;
				GENERATE_INFOPLIST_FILE = YES;
				MARKETING_VERSION = 1.0;
				PRODUCT_BUNDLE_IDENTIFIER = com.gladding.PopupsUIUITests;
				PRODUCT_NAME = "$(TARGET_NAME)";
				SWIFT_EMIT_LOC_STRINGS = NO;
				SWIFT_VERSION = 5.0;
				TARGETED_DEVICE_FAMILY = "1,2";
				TEST_TARGET_NAME = PopupsUI;
			};
			name = Debug;
		};
		A02513882D4881B300EE0993 /* Release */ = {
			isa = XCBuildConfiguration;
			buildSettings = {
				CODE_SIGN_STYLE = Automatic;
				CURRENT_PROJECT_VERSION = 1;
				DEVELOPMENT_TEAM = Y9SZ2V87PB;
				GENERATE_INFOPLIST_FILE = YES;
				MARKETING_VERSION = 1.0;
				PRODUCT_BUNDLE_IDENTIFIER = com.gladding.PopupsUIUITests;
				PRODUCT_NAME = "$(TARGET_NAME)";
				SWIFT_EMIT_LOC_STRINGS = NO;
				SWIFT_VERSION = 5.0;
				TARGETED_DEVICE_FAMILY = "1,2";
				TEST_TARGET_NAME = PopupsUI;
			};
			name = Release;
		};
/* End XCBuildConfiguration section */

/* Begin XCConfigurationList section */
		A02513502D4881B200EE0993 /* Build configuration list for PBXProject "PopupsUI" */ = {
			isa = XCConfigurationList;
			buildConfigurations = (
				A02513812D4881B300EE0993 /* Debug */,
				A02513822D4881B300EE0993 /* Release */,
			);
			defaultConfigurationIsVisible = 0;
			defaultConfigurationName = Release;
		};
		A025137E2D4881B300EE0993 /* Build configuration list for PBXNativeTarget "PopupsUI" */ = {
			isa = XCConfigurationList;
			buildConfigurations = (
				A025137F2D4881B300EE0993 /* Debug */,
				A02513802D4881B300EE0993 /* Release */,
			);
			defaultConfigurationIsVisible = 0;
			defaultConfigurationName = Release;
		};
		A02513832D4881B300EE0993 /* Build configuration list for PBXNativeTarget "PopupsUITests" */ = {
			isa = XCConfigurationList;
			buildConfigurations = (
				A02513842D4881B300EE0993 /* Debug */,
				A02513852D4881B300EE0993 /* Release */,
			);
			defaultConfigurationIsVisible = 0;
			defaultConfigurationName = Release;
		};
		A02513862D4881B300EE0993 /* Build configuration list for PBXNativeTarget "PopupsUIUITests" */ = {
			isa = XCConfigurationList;
			buildConfigurations = (
				A02513872D4881B300EE0993 /* Debug */,
				A02513882D4881B300EE0993 /* Release */,
			);
			defaultConfigurationIsVisible = 0;
			defaultConfigurationName = Release;
		};
/* End XCConfigurationList section */
	};
	rootObject = A025134D2D4881B200EE0993 /* Project object */;
}
